
Microsoft Visual Studio Solution File, Format Version 12.00
# Visual Studio 14
VisualStudioVersion = 14.0.25123.0
MinimumVisualStudioVersion = 10.0.40219.1
Project("{FAE04EC0-301F-11D3-BF4B-00C04F79EFBC}") = "ConDep.Dsl", "ConDep.Dsl\ConDep.Dsl.csproj", "{E7EBA0AC-B91D-450F-8A68-5ADCF18FE17E}"
EndProject
Project("{FAE04EC0-301F-11D3-BF4B-00C04F79EFBC}") = "ConDep.Dsl.Tests", "ConDep.Dsl.Tests\ConDep.Dsl.Tests.csproj", "{1A131274-45B3-47EE-A48D-8310FDB3C332}"
EndProject
Project("{2150E333-8FDC-42A3-9474-1A3956D46DE8}") = ".nuget", ".nuget", "{4D409FFA-3234-4A49-B23F-39908A037835}"
	ProjectSection(SolutionItems) = preProject
		.nuget\packages.config = .nuget\packages.config
	EndProjectSection
EndProject
Project("{2150E333-8FDC-42A3-9474-1A3956D46DE8}") = "build", "build", "{5D44A1AC-B207-48C5-9812-31E4933B096C}"
	ProjectSection(SolutionItems) = preProject
		..\build\buildRelease.ps1 = ..\build\buildRelease.ps1
		..\build\default.ps1 = ..\build\default.ps1
	EndProjectSection
EndProject
Global
	GlobalSection(SolutionConfigurationPlatforms) = preSolution
		Debug|Any CPU = Debug|Any CPU
		Debug|x64 = Debug|x64
		Release|Any CPU = Release|Any CPU
		Release|x64 = Release|x64
	EndGlobalSection
	GlobalSection(ProjectConfigurationPlatforms) = postSolution
		{E7EBA0AC-B91D-450F-8A68-5ADCF18FE17E}.Debug|Any CPU.ActiveCfg = Debug|Any CPU
		{E7EBA0AC-B91D-450F-8A68-5ADCF18FE17E}.Debug|Any CPU.Build.0 = Debug|Any CPU
		{E7EBA0AC-B91D-450F-8A68-5ADCF18FE17E}.Debug|x64.ActiveCfg = Debug|x64
		{E7EBA0AC-B91D-450F-8A68-5ADCF18FE17E}.Debug|x64.Build.0 = Debug|x64
		{E7EBA0AC-B91D-450F-8A68-5ADCF18FE17E}.Release|Any CPU.ActiveCfg = Release|Any CPU
		{E7EBA0AC-B91D-450F-8A68-5ADCF18FE17E}.Release|Any CPU.Build.0 = Release|Any CPU
		{E7EBA0AC-B91D-450F-8A68-5ADCF18FE17E}.Release|x64.ActiveCfg = Release|x64
		{E7EBA0AC-B91D-450F-8A68-5ADCF18FE17E}.Release|x64.Build.0 = Release|x64
		{1A131274-45B3-47EE-A48D-8310FDB3C332}.Debug|Any CPU.ActiveCfg = Debug|Any CPU
		{1A131274-45B3-47EE-A48D-8310FDB3C332}.Debug|Any CPU.Build.0 = Debug|Any CPU
		{1A131274-45B3-47EE-A48D-8310FDB3C332}.Debug|x64.ActiveCfg = Debug|x64
		{1A131274-45B3-47EE-A48D-8310FDB3C332}.Debug|x64.Build.0 = Debug|x64
		{1A131274-45B3-47EE-A48D-8310FDB3C332}.Release|Any CPU.ActiveCfg = Release|Any CPU
		{1A131274-45B3-47EE-A48D-8310FDB3C332}.Release|Any CPU.Build.0 = Release|Any CPU
		{1A131274-45B3-47EE-A48D-8310FDB3C332}.Release|x64.ActiveCfg = Release|x64
		{1A131274-45B3-47EE-A48D-8310FDB3C332}.Release|x64.Build.0 = Release|x64
	EndGlobalSection
	GlobalSection(SolutionProperties) = preSolution
		HideSolutionNode = FALSE
	EndGlobalSection
EndGlobal
